
Microsoft Visual Studio Solution File, Format Version 12.00
# Visual Studio Version 17
VisualStudioVersion = 17.9.34622.214
MinimumVisualStudioVersion = 10.0.40219.1
Project("{9A19103F-16F7-4668-BE54-9A1E7A4F7556}") = "HikingMate", "HikingMate\HikingMate.csproj", "{4B6F6AA7-96E4-4B63-8895-755249D184AA}"
EndProject
Project("{9A19103F-16F7-4668-BE54-9A1E7A4F7556}") = "HikingMate.Console", "HikingMate.Console\HikingMate.Console.csproj", "{EBA67A0B-EC18-4967-8E69-91FE9D67413B}"
EndProject
Project("{9A19103F-16F7-4668-BE54-9A1E7A4F7556}") = "HikingMate.WebApp", "HikingMate.WebApp\HikingMate.WebApp\HikingMate.WebApp.csproj", "{E65B34D5-91CB-4AAE-B4CA-3B624655473F}"
EndProject
Project("{9A19103F-16F7-4668-BE54-9A1E7A4F7556}") = "HikingMate.WebApp.Client", "HikingMate.WebApp\HikingMate.WebApp.Client\HikingMate.WebApp.Client.csproj", "{162E1E92-5ACF-4A89-8EAC-1ECF0FE0164A}"
EndProject
Project("{2150E333-8FDC-42A3-9474-1A3956D46DE8}") = "솔루션 항목", "솔루션 항목", "{8C5B0215-D033-4904-BF21-B670CB5BE802}"
	ProjectSection(SolutionItems) = preProject
		.gitignore = .gitignore
	EndProjectSection
EndProject
Global
	GlobalSection(SolutionConfigurationPlatforms) = preSolution
		Debug|Any CPU = Debug|Any CPU
		Release|Any CPU = Release|Any CPU
	EndGlobalSection
	GlobalSection(ProjectConfigurationPlatforms) = postSolution
		{4B6F6AA7-96E4-4B63-8895-755249D184AA}.Debug|Any CPU.ActiveCfg = Debug|Any CPU
		{4B6F6AA7-96E4-4B63-8895-755249D184AA}.Debug|Any CPU.Build.0 = Debug|Any CPU
		{4B6F6AA7-96E4-4B63-8895-755249D184AA}.Release|Any CPU.ActiveCfg = Release|Any CPU
		{4B6F6AA7-96E4-4B63-8895-755249D184AA}.Release|Any CPU.Build.0 = Release|Any CPU
		{EBA67A0B-EC18-4967-8E69-91FE9D67413B}.Debug|Any CPU.ActiveCfg = Debug|Any CPU
		{EBA67A0B-EC18-4967-8E69-91FE9D67413B}.Debug|Any CPU.Build.0 = Debug|Any CPU
		{EBA67A0B-EC18-4967-8E69-91FE9D67413B}.Release|Any CPU.ActiveCfg = Release|Any CPU
		{EBA67A0B-EC18-4967-8E69-91FE9D67413B}.Release|Any CPU.Build.0 = Release|Any CPU
		{E65B34D5-91CB-4AAE-B4CA-3B624655473F}.Debug|Any CPU.ActiveCfg = Debug|Any CPU
		{E65B34D5-91CB-4AAE-B4CA-3B624655473F}.Debug|Any CPU.Build.0 = Debug|Any CPU
		{E65B34D5-91CB-4AAE-B4CA-3B624655473F}.Release|Any CPU.ActiveCfg = Release|Any CPU
		{E65B34D5-91CB-4AAE-B4CA-3B624655473F}.Release|Any CPU.Build.0 = Release|Any CPU
		{162E1E92-5ACF-4A89-8EAC-1ECF0FE0164A}.Debug|Any CPU.ActiveCfg = Debug|Any CPU
		{162E1E92-5ACF-4A89-8EAC-1ECF0FE0164A}.Debug|Any CPU.Build.0 = Debug|Any CPU
		{162E1E92-5ACF-4A89-8EAC-1ECF0FE0164A}.Release|Any CPU.ActiveCfg = Release|Any CPU
		{162E1E92-5ACF-4A89-8EAC-1ECF0FE0164A}.Release|Any CPU.Build.0 = Release|Any CPU
	EndGlobalSection
	GlobalSection(SolutionProperties) = preSolution
		HideSolutionNode = FALSE
	EndGlobalSection
	GlobalSection(ExtensibilityGlobals) = postSolution
		SolutionGuid = {DA58F313-B817-4179-A743-4A3E1779C765}
	EndGlobalSection
EndGlobal
